
Microsoft Visual Studio Solution File, Format Version 12.00
# Visual Studio Version 16
VisualStudioVersion = 16.0.28917.182
MinimumVisualStudioVersion = 10.0.40219.1
Project("{9A19103F-16F7-4668-BE54-9A1E7A4F7556}") = "CodeWars.Test", "CodeWars.Test\CodeWars.Test.csproj", "{6B6686A9-15A9-4192-AA62-7F0D0C0DB949}"
EndProject
Global
	GlobalSection(SolutionConfigurationPlatforms) = preSolution
		Debug|Any CPU = Debug|Any CPU
		Release|Any CPU = Release|Any CPU
	EndGlobalSection
	GlobalSection(ProjectConfigurationPlatforms) = postSolution
		{6B6686A9-15A9-4192-AA62-7F0D0C0DB949}.Debug|Any CPU.ActiveCfg = Debug|Any CPU
		{6B6686A9-15A9-4192-AA62-7F0D0C0DB949}.Debug|Any CPU.Build.0 = Debug|Any CPU
		{6B6686A9-15A9-4192-AA62-7F0D0C0DB949}.Release|Any CPU.ActiveCfg = Release|Any CPU
		{6B6686A9-15A9-4192-AA62-7F0D0C0DB949}.Release|Any CPU.Build.0 = Release|Any CPU
	EndGlobalSection
	GlobalSection(SolutionProperties) = preSolution
		HideSolutionNode = FALSE
	EndGlobalSection
	GlobalSection(ExtensibilityGlobals) = postSolution
		SolutionGuid = {FA8779EF-7C2C-4C3B-99FC-218800B5F2C9}
	EndGlobalSection
EndGlobal
